
Microsoft Visual Studio Solution File, Format Version 12.00
# Visual Studio Version 17
VisualStudioVersion = 17.11.35219.272
MinimumVisualStudioVersion = 10.0.40219.1
Project("{9A19103F-16F7-4668-BE54-9A1E7A4F7556}") = "SummerProj.Api", "SummerProj\SummerProj.Api.csproj", "{DA646575-87CB-4EAC-BA49-5B162536AC5F}"
EndProject
Project("{2150E333-8FDC-42A3-9474-1A3956D46DE8}") = "Modules", "Modules", "{4F23B6A7-B94F-44F5-BDA4-9790DF708B0D}"
EndProject
Project("{9A19103F-16F7-4668-BE54-9A1E7A4F7556}") = "BLL", "BLL\BLL.csproj", "{C4913169-177D-48B8-B689-1C4303444E26}"
EndProject
Project("{9A19103F-16F7-4668-BE54-9A1E7A4F7556}") = "DAL.EF", "DAL.EF\DAL.EF.csproj", "{D740A7A2-C4D6-4841-B985-2F8FEB40FDCB}"
EndProject
Global
	GlobalSection(SolutionConfigurationPlatforms) = preSolution
		Debug|Any CPU = Debug|Any CPU
		Release|Any CPU = Release|Any CPU
	EndGlobalSection
	GlobalSection(ProjectConfigurationPlatforms) = postSolution
		{DA646575-87CB-4EAC-BA49-5B162536AC5F}.Debug|Any CPU.ActiveCfg = Debug|Any CPU
		{DA646575-87CB-4EAC-BA49-5B162536AC5F}.Debug|Any CPU.Build.0 = Debug|Any CPU
		{DA646575-87CB-4EAC-BA49-5B162536AC5F}.Release|Any CPU.ActiveCfg = Release|Any CPU
		{DA646575-87CB-4EAC-BA49-5B162536AC5F}.Release|Any CPU.Build.0 = Release|Any CPU
		{C4913169-177D-48B8-B689-1C4303444E26}.Debug|Any CPU.ActiveCfg = Debug|Any CPU
		{C4913169-177D-48B8-B689-1C4303444E26}.Debug|Any CPU.Build.0 = Debug|Any CPU
		{C4913169-177D-48B8-B689-1C4303444E26}.Release|Any CPU.ActiveCfg = Release|Any CPU
		{C4913169-177D-48B8-B689-1C4303444E26}.Release|Any CPU.Build.0 = Release|Any CPU
		{D740A7A2-C4D6-4841-B985-2F8FEB40FDCB}.Debug|Any CPU.ActiveCfg = Debug|Any CPU
		{D740A7A2-C4D6-4841-B985-2F8FEB40FDCB}.Debug|Any CPU.Build.0 = Debug|Any CPU
		{D740A7A2-C4D6-4841-B985-2F8FEB40FDCB}.Release|Any CPU.ActiveCfg = Release|Any CPU
		{D740A7A2-C4D6-4841-B985-2F8FEB40FDCB}.Release|Any CPU.Build.0 = Release|Any CPU
	EndGlobalSection
	GlobalSection(SolutionProperties) = preSolution
		HideSolutionNode = FALSE
	EndGlobalSection
	GlobalSection(NestedProjects) = preSolution
		{DA646575-87CB-4EAC-BA49-5B162536AC5F} = {4F23B6A7-B94F-44F5-BDA4-9790DF708B0D}
		{C4913169-177D-48B8-B689-1C4303444E26} = {4F23B6A7-B94F-44F5-BDA4-9790DF708B0D}
		{D740A7A2-C4D6-4841-B985-2F8FEB40FDCB} = {4F23B6A7-B94F-44F5-BDA4-9790DF708B0D}
	EndGlobalSection
	GlobalSection(ExtensibilityGlobals) = postSolution
		SolutionGuid = {F068C244-97B6-4445-A59B-1ABC6F350BCF}
	EndGlobalSection
EndGlobal
